
Microsoft Visual Studio Solution File, Format Version 12.00
# Visual Studio Version 17
VisualStudioVersion = 17.10.35027.167
MinimumVisualStudioVersion = 10.0.40219.1
Project("{FAE04EC0-301F-11D3-BF4B-00C04F79EFBC}") = "AntraPaskaita", "AntraPaskaita\AntraPaskaita.csproj", "{DCEE9EE3-CCFD-4FA1-8E38-B3463BD168E7}"
EndProject
Global
	GlobalSection(SolutionConfigurationPlatforms) = preSolution
		Debug|Any CPU = Debug|Any CPU
		Release|Any CPU = Release|Any CPU
	EndGlobalSection
	GlobalSection(ProjectConfigurationPlatforms) = postSolution
		{DCEE9EE3-CCFD-4FA1-8E38-B3463BD168E7}.Debug|Any CPU.ActiveCfg = Debug|Any CPU
		{DCEE9EE3-CCFD-4FA1-8E38-B3463BD168E7}.Debug|Any CPU.Build.0 = Debug|Any CPU
		{DCEE9EE3-CCFD-4FA1-8E38-B3463BD168E7}.Release|Any CPU.ActiveCfg = Release|Any CPU
		{DCEE9EE3-CCFD-4FA1-8E38-B3463BD168E7}.Release|Any CPU.Build.0 = Release|Any CPU
	EndGlobalSection
	GlobalSection(SolutionProperties) = preSolution
		HideSolutionNode = FALSE
	EndGlobalSection
	GlobalSection(ExtensibilityGlobals) = postSolution
		SolutionGuid = {F280A8CD-2636-45E1-9ACF-9585BB8D4E18}
	EndGlobalSection
EndGlobal
